
Microsoft Visual Studio Solution File, Format Version 12.00
# Visual Studio Version 16
VisualStudioVersion = 16.0.31205.134
MinimumVisualStudioVersion = 10.0.40219.1
Project("{FAE04EC0-301F-11D3-BF4B-00C04F79EFBC}") = "Aula-1", "Aula-1\Aula-1.csproj", "{84F824B4-CDE5-4C80-88B0-8047C222495A}"
EndProject
Global
	GlobalSection(SolutionConfigurationPlatforms) = preSolution
		Debug|Any CPU = Debug|Any CPU
		Release|Any CPU = Release|Any CPU
	EndGlobalSection
	GlobalSection(ProjectConfigurationPlatforms) = postSolution
		{84F824B4-CDE5-4C80-88B0-8047C222495A}.Debug|Any CPU.ActiveCfg = Debug|Any CPU
		{84F824B4-CDE5-4C80-88B0-8047C222495A}.Debug|Any CPU.Build.0 = Debug|Any CPU
		{84F824B4-CDE5-4C80-88B0-8047C222495A}.Release|Any CPU.ActiveCfg = Release|Any CPU
		{84F824B4-CDE5-4C80-88B0-8047C222495A}.Release|Any CPU.Build.0 = Release|Any CPU
	EndGlobalSection
	GlobalSection(SolutionProperties) = preSolution
		HideSolutionNode = FALSE
	EndGlobalSection
	GlobalSection(ExtensibilityGlobals) = postSolution
		SolutionGuid = {12BE6C23-3D98-4838-96B5-99BBD77E6841}
	EndGlobalSection
EndGlobal
